
Microsoft Visual Studio Solution File, Format Version 12.00
# Visual Studio 15
VisualStudioVersion = 15.0.28010.2036
MinimumVisualStudioVersion = 10.0.40219.1
Project("{FAE04EC0-301F-11D3-BF4B-00C04F79EFBC}") = "WoaW.RnD.SkinAnomaly.UnitTests", "WoaW.RnD.SkinAnomaly.UnitTests\WoaW.RnD.SkinAnomaly.UnitTests.csproj", "{94A70C09-7581-47C1-AACA-FD4CDD5D88C0}"
EndProject
Project("{9A19103F-16F7-4668-BE54-9A1E7A4F7556}") = "WoaW.RnD.SkinAnomaly.DataParser", "WoaW.RnD.SkinAnomaly.DataParser\WoaW.RnD.SkinAnomaly.DataParser.csproj", "{2B7AA59B-5ABE-4AC1-B28D-7B7C9F63A887}"
EndProject
Global
	GlobalSection(SolutionConfigurationPlatforms) = preSolution
		Debug|Any CPU = Debug|Any CPU
		Release|Any CPU = Release|Any CPU
	EndGlobalSection
	GlobalSection(ProjectConfigurationPlatforms) = postSolution
		{94A70C09-7581-47C1-AACA-FD4CDD5D88C0}.Debug|Any CPU.ActiveCfg = Debug|Any CPU
		{94A70C09-7581-47C1-AACA-FD4CDD5D88C0}.Debug|Any CPU.Build.0 = Debug|Any CPU
		{94A70C09-7581-47C1-AACA-FD4CDD5D88C0}.Release|Any CPU.ActiveCfg = Release|Any CPU
		{94A70C09-7581-47C1-AACA-FD4CDD5D88C0}.Release|Any CPU.Build.0 = Release|Any CPU
		{2B7AA59B-5ABE-4AC1-B28D-7B7C9F63A887}.Debug|Any CPU.ActiveCfg = Debug|Any CPU
		{2B7AA59B-5ABE-4AC1-B28D-7B7C9F63A887}.Debug|Any CPU.Build.0 = Debug|Any CPU
		{2B7AA59B-5ABE-4AC1-B28D-7B7C9F63A887}.Release|Any CPU.ActiveCfg = Release|Any CPU
		{2B7AA59B-5ABE-4AC1-B28D-7B7C9F63A887}.Release|Any CPU.Build.0 = Release|Any CPU
	EndGlobalSection
	GlobalSection(SolutionProperties) = preSolution
		HideSolutionNode = FALSE
	EndGlobalSection
	GlobalSection(ExtensibilityGlobals) = postSolution
		SolutionGuid = {6A3FAF54-2757-44D1-BA27-4680EA5D7CC3}
	EndGlobalSection
EndGlobal
